
Microsoft Visual Studio Solution File, Format Version 12.00
# Visual Studio 15
VisualStudioVersion = 15.0.26430.16
MinimumVisualStudioVersion = 10.0.40219.1
Project("{FAE04EC0-301F-11D3-BF4B-00C04F79EFBC}") = "NullDestination", "NullDestination\NullDestination.csproj", "{8B4249CF-ED23-48C8-87D3-4457E1B335DB}"
EndProject
Project("{FAE04EC0-301F-11D3-BF4B-00C04F79EFBC}") = "NullDestination2012", "NullDestination2012\NullDestination2012.csproj", "{F27DF8F6-D3CC-4ED5-BB3D-758CB86DCEAC}"
EndProject
Project("{FAE04EC0-301F-11D3-BF4B-00C04F79EFBC}") = "NullDestination2014", "NullDestination2014\NullDestination2014.csproj", "{3D2AA67D-81BC-43F3-8C71-04B3BFC0EEB6}"
EndProject
Project("{FAE04EC0-301F-11D3-BF4B-00C04F79EFBC}") = "NullDestination2016", "NullDestination2016\NullDestination2016.csproj", "{20BE4741-84AE-47B4-AD4A-25D54F15D6CE}"
EndProject
Project("{FAE04EC0-301F-11D3-BF4B-00C04F79EFBC}") = "NullDestination2017", "NullDestination2017\NullDestination2017.csproj", "{20BE4741-84AE-47B4-2017-25D54F15D6CE}"
EndProject
Project("{930C7802-8A8C-48F9-8165-68863BCCD9DD}") = "NullDestinationInstallx64", "NullDestinationInstallx64\NullDestinationInstallx64.wixproj", "{3E1B46F5-683D-4570-9616-35B5CB9567F6}"
	ProjectSection(ProjectDependencies) = postProject
		{20BE4741-84AE-47B4-AD4A-25D54F15D6CE} = {20BE4741-84AE-47B4-AD4A-25D54F15D6CE}
		{3D2AA67D-81BC-43F3-8C71-04B3BFC0EEB6} = {3D2AA67D-81BC-43F3-8C71-04B3BFC0EEB6}
		{8B4249CF-ED23-48C8-87D3-4457E1B335DB} = {8B4249CF-ED23-48C8-87D3-4457E1B335DB}
		{F27DF8F6-D3CC-4ED5-BB3D-758CB86DCEAC} = {F27DF8F6-D3CC-4ED5-BB3D-758CB86DCEAC}
	EndProjectSection
EndProject
Project("{930C7802-8A8C-48F9-8165-68863BCCD9DD}") = "NullDestinationInstallx32", "NullDestinationInstallx32\NullDestinationInstallx32.wixproj", "{F0EE80FC-AEC9-49E2-8226-62752E744A07}"
	ProjectSection(ProjectDependencies) = postProject
		{20BE4741-84AE-47B4-AD4A-25D54F15D6CE} = {20BE4741-84AE-47B4-AD4A-25D54F15D6CE}
		{3D2AA67D-81BC-43F3-8C71-04B3BFC0EEB6} = {3D2AA67D-81BC-43F3-8C71-04B3BFC0EEB6}
		{8B4249CF-ED23-48C8-87D3-4457E1B335DB} = {8B4249CF-ED23-48C8-87D3-4457E1B335DB}
		{F27DF8F6-D3CC-4ED5-BB3D-758CB86DCEAC} = {F27DF8F6-D3CC-4ED5-BB3D-758CB86DCEAC}
	EndProjectSection
EndProject
Global
	GlobalSection(SolutionConfigurationPlatforms) = preSolution
		Debug|Any CPU = Debug|Any CPU
		Debug|x86 = Debug|x86
		Release|Any CPU = Release|Any CPU
		Release|x86 = Release|x86
	EndGlobalSection
	GlobalSection(ProjectConfigurationPlatforms) = postSolution
		{8B4249CF-ED23-48C8-87D3-4457E1B335DB}.Debug|Any CPU.ActiveCfg = Debug|Any CPU
		{8B4249CF-ED23-48C8-87D3-4457E1B335DB}.Debug|Any CPU.Build.0 = Debug|Any CPU
		{8B4249CF-ED23-48C8-87D3-4457E1B335DB}.Debug|x86.ActiveCfg = Debug|Any CPU
		{8B4249CF-ED23-48C8-87D3-4457E1B335DB}.Debug|x86.Build.0 = Debug|Any CPU
		{8B4249CF-ED23-48C8-87D3-4457E1B335DB}.Release|Any CPU.ActiveCfg = Release|Any CPU
		{8B4249CF-ED23-48C8-87D3-4457E1B335DB}.Release|Any CPU.Build.0 = Release|Any CPU
		{8B4249CF-ED23-48C8-87D3-4457E1B335DB}.Release|x86.ActiveCfg = Release|Any CPU
		{8B4249CF-ED23-48C8-87D3-4457E1B335DB}.Release|x86.Build.0 = Release|Any CPU
		{F27DF8F6-D3CC-4ED5-BB3D-758CB86DCEAC}.Debug|Any CPU.ActiveCfg = Debug|Any CPU
		{F27DF8F6-D3CC-4ED5-BB3D-758CB86DCEAC}.Debug|Any CPU.Build.0 = Debug|Any CPU
		{F27DF8F6-D3CC-4ED5-BB3D-758CB86DCEAC}.Debug|x86.ActiveCfg = Debug|Any CPU
		{F27DF8F6-D3CC-4ED5-BB3D-758CB86DCEAC}.Debug|x86.Build.0 = Debug|Any CPU
		{F27DF8F6-D3CC-4ED5-BB3D-758CB86DCEAC}.Release|Any CPU.ActiveCfg = Release|Any CPU
		{F27DF8F6-D3CC-4ED5-BB3D-758CB86DCEAC}.Release|Any CPU.Build.0 = Release|Any CPU
		{F27DF8F6-D3CC-4ED5-BB3D-758CB86DCEAC}.Release|x86.ActiveCfg = Release|Any CPU
		{F27DF8F6-D3CC-4ED5-BB3D-758CB86DCEAC}.Release|x86.Build.0 = Release|Any CPU
		{3D2AA67D-81BC-43F3-8C71-04B3BFC0EEB6}.Debug|Any CPU.ActiveCfg = Debug|Any CPU
		{3D2AA67D-81BC-43F3-8C71-04B3BFC0EEB6}.Debug|Any CPU.Build.0 = Debug|Any CPU
		{3D2AA67D-81BC-43F3-8C71-04B3BFC0EEB6}.Debug|x86.ActiveCfg = Debug|Any CPU
		{3D2AA67D-81BC-43F3-8C71-04B3BFC0EEB6}.Debug|x86.Build.0 = Debug|Any CPU
		{3D2AA67D-81BC-43F3-8C71-04B3BFC0EEB6}.Release|Any CPU.ActiveCfg = Release|Any CPU
		{3D2AA67D-81BC-43F3-8C71-04B3BFC0EEB6}.Release|Any CPU.Build.0 = Release|Any CPU
		{3D2AA67D-81BC-43F3-8C71-04B3BFC0EEB6}.Release|x86.ActiveCfg = Release|Any CPU
		{3D2AA67D-81BC-43F3-8C71-04B3BFC0EEB6}.Release|x86.Build.0 = Release|Any CPU
		{20BE4741-84AE-47B4-AD4A-25D54F15D6CE}.Debug|Any CPU.ActiveCfg = Debug|Any CPU
		{20BE4741-84AE-47B4-AD4A-25D54F15D6CE}.Debug|Any CPU.Build.0 = Debug|Any CPU
		{20BE4741-84AE-47B4-AD4A-25D54F15D6CE}.Debug|x86.ActiveCfg = Debug|Any CPU
		{20BE4741-84AE-47B4-AD4A-25D54F15D6CE}.Debug|x86.Build.0 = Debug|Any CPU
		{20BE4741-84AE-47B4-AD4A-25D54F15D6CE}.Release|Any CPU.ActiveCfg = Release|Any CPU
		{20BE4741-84AE-47B4-AD4A-25D54F15D6CE}.Release|Any CPU.Build.0 = Release|Any CPU
		{20BE4741-84AE-47B4-AD4A-25D54F15D6CE}.Release|x86.ActiveCfg = Release|Any CPU
		{20BE4741-84AE-47B4-AD4A-25D54F15D6CE}.Release|x86.Build.0 = Release|Any CPU
		{20BE4741-84AE-47B4-2017-25D54F15D6CE}.Debug|Any CPU.ActiveCfg = Debug|Any CPU
		{20BE4741-84AE-47B4-2017-25D54F15D6CE}.Debug|Any CPU.Build.0 = Debug|Any CPU
		{20BE4741-84AE-47B4-2017-25D54F15D6CE}.Debug|x86.ActiveCfg = Debug|Any CPU
		{20BE4741-84AE-47B4-2017-25D54F15D6CE}.Debug|x86.Build.0 = Debug|Any CPU
		{20BE4741-84AE-47B4-2017-25D54F15D6CE}.Release|Any CPU.ActiveCfg = Release|Any CPU
		{20BE4741-84AE-47B4-2017-25D54F15D6CE}.Release|Any CPU.Build.0 = Release|Any CPU
		{20BE4741-84AE-47B4-2017-25D54F15D6CE}.Release|x86.ActiveCfg = Release|Any CPU
		{20BE4741-84AE-47B4-2017-25D54F15D6CE}.Release|x86.Build.0 = Release|Any CPU
		{3E1B46F5-683D-4570-9616-35B5CB9567F6}.Debug|Any CPU.ActiveCfg = Debug|x86
		{3E1B46F5-683D-4570-9616-35B5CB9567F6}.Debug|x86.ActiveCfg = Debug|x86
		{3E1B46F5-683D-4570-9616-35B5CB9567F6}.Debug|x86.Build.0 = Debug|x86
		{3E1B46F5-683D-4570-9616-35B5CB9567F6}.Release|Any CPU.ActiveCfg = Release|x86
		{3E1B46F5-683D-4570-9616-35B5CB9567F6}.Release|Any CPU.Build.0 = Release|x86
		{3E1B46F5-683D-4570-9616-35B5CB9567F6}.Release|x86.ActiveCfg = Release|x86
		{3E1B46F5-683D-4570-9616-35B5CB9567F6}.Release|x86.Build.0 = Release|x86
		{F0EE80FC-AEC9-49E2-8226-62752E744A07}.Debug|Any CPU.ActiveCfg = Debug|x86
		{F0EE80FC-AEC9-49E2-8226-62752E744A07}.Debug|x86.ActiveCfg = Debug|x86
		{F0EE80FC-AEC9-49E2-8226-62752E744A07}.Debug|x86.Build.0 = Debug|x86
		{F0EE80FC-AEC9-49E2-8226-62752E744A07}.Release|Any CPU.ActiveCfg = Release|x86
		{F0EE80FC-AEC9-49E2-8226-62752E744A07}.Release|x86.ActiveCfg = Release|x86
		{F0EE80FC-AEC9-49E2-8226-62752E744A07}.Release|x86.Build.0 = Release|x86
	EndGlobalSection
	GlobalSection(SolutionProperties) = preSolution
		HideSolutionNode = FALSE
	EndGlobalSection
EndGlobal
